
Microsoft Visual Studio Solution File, Format Version 12.00
# Visual Studio 2012
Project("{FAE04EC0-301F-11D3-BF4B-00C04F79EFBC}") = "BookLendingSystem", "BookLendingSystem\BookLendingSystem.csproj", "{78C1580B-3D3B-4C6D-9D49-E837AABD0966}"
EndProject
Global
	GlobalSection(SolutionConfigurationPlatforms) = preSolution
		Debug|Any CPU = Debug|Any CPU
		Release|Any CPU = Release|Any CPU
	EndGlobalSection
	GlobalSection(ProjectConfigurationPlatforms) = postSolution
		{78C1580B-3D3B-4C6D-9D49-E837AABD0966}.Debug|Any CPU.ActiveCfg = Debug|Any CPU
		{78C1580B-3D3B-4C6D-9D49-E837AABD0966}.Debug|Any CPU.Build.0 = Debug|Any CPU
		{78C1580B-3D3B-4C6D-9D49-E837AABD0966}.Release|Any CPU.ActiveCfg = Release|Any CPU
		{78C1580B-3D3B-4C6D-9D49-E837AABD0966}.Release|Any CPU.Build.0 = Release|Any CPU
	EndGlobalSection
	GlobalSection(SolutionProperties) = preSolution
		HideSolutionNode = FALSE
	EndGlobalSection
EndGlobal
